
Microsoft Visual Studio Solution File, Format Version 12.00
# Visual Studio Version 17
VisualStudioVersion = 17.9.34714.143
MinimumVisualStudioVersion = 10.0.40219.1
Project("{FAE04EC0-301F-11D3-BF4B-00C04F79EFBC}") = "CarRental", "CarRental\CarRental.csproj", "{DDCCBC1A-1679-488B-B902-336E21C59913}"
EndProject
Global
	GlobalSection(SolutionConfigurationPlatforms) = preSolution
		Debug|Any CPU = Debug|Any CPU
		Release|Any CPU = Release|Any CPU
	EndGlobalSection
	GlobalSection(ProjectConfigurationPlatforms) = postSolution
		{DDCCBC1A-1679-488B-B902-336E21C59913}.Debug|Any CPU.ActiveCfg = Debug|Any CPU
		{DDCCBC1A-1679-488B-B902-336E21C59913}.Debug|Any CPU.Build.0 = Debug|Any CPU
		{DDCCBC1A-1679-488B-B902-336E21C59913}.Release|Any CPU.ActiveCfg = Release|Any CPU
		{DDCCBC1A-1679-488B-B902-336E21C59913}.Release|Any CPU.Build.0 = Release|Any CPU
	EndGlobalSection
	GlobalSection(SolutionProperties) = preSolution
		HideSolutionNode = FALSE
	EndGlobalSection
	GlobalSection(ExtensibilityGlobals) = postSolution
		SolutionGuid = {27ABF68C-412A-4203-A231-6DF45249888A}
	EndGlobalSection
EndGlobal
